// !$*UTF8*$!
{
	archiveVersion = 1;
	classes = {
	};
	objectVersion = 56;
	objects = {

/* Begin PBXBuildFile section */
		5C5B16B5292F9231000FF56D /* RxReachability in Frameworks */ = {isa = PBXBuildFile; productRef = 5C5B16B4292F9231000FF56D /* RxReachability */; };
		5C5B16BE292FF73B000FF56D /* APIClient.swift in Sources */ = {isa = PBXBuildFile; fileRef = 5C5B16BD292FF73B000FF56D /* APIClient.swift */; };
		5C5B16BF292FF73B000FF56D /* APIClient.swift in Sources */ = {isa = PBXBuildFile; fileRef = 5C5B16BD292FF73B000FF56D /* APIClient.swift */; };
		5C5B16C0292FF73B000FF56D /* APIClient.swift in Sources */ = {isa = PBXBuildFile; fileRef = 5C5B16BD292FF73B000FF56D /* APIClient.swift */; };
		5C5B16C2292FF754000FF56D /* RatesRequest.swift in Sources */ = {isa = PBXBuildFile; fileRef = 5C5B16C1292FF754000FF56D /* RatesRequest.swift */; };
		5C5B16C3292FF754000FF56D /* RatesRequest.swift in Sources */ = {isa = PBXBuildFile; fileRef = 5C5B16C1292FF754000FF56D /* RatesRequest.swift */; };
		5C5B16C4292FF754000FF56D /* RatesRequest.swift in Sources */ = {isa = PBXBuildFile; fileRef = 5C5B16C1292FF754000FF56D /* RatesRequest.swift */; };
		5CD4B53629265363001516B9 /* BDSWISSTests.swift in Sources */ = {isa = PBXBuildFile; fileRef = 5CD4B53529265363001516B9 /* BDSWISSTests.swift */; };
		5CD4B54029265363001516B9 /* BDSWISSUITests.swift in Sources */ = {isa = PBXBuildFile; fileRef = 5CD4B53F29265363001516B9 /* BDSWISSUITests.swift */; };
		5CD4B54229265363001516B9 /* BDSWISSUITestsLaunchTests.swift in Sources */ = {isa = PBXBuildFile; fileRef = 5CD4B54129265363001516B9 /* BDSWISSUITestsLaunchTests.swift */; };
		5CD4B5602926546F001516B9 /* MainVC.swift in Sources */ = {isa = PBXBuildFile; fileRef = 5CD4B5522926546E001516B9 /* MainVC.swift */; };
		5CD4B5612926546F001516B9 /* MainVC.swift in Sources */ = {isa = PBXBuildFile; fileRef = 5CD4B5522926546E001516B9 /* MainVC.swift */; };
		5CD4B5622926546F001516B9 /* MainVC.swift in Sources */ = {isa = PBXBuildFile; fileRef = 5CD4B5522926546E001516B9 /* MainVC.swift */; };
		5CD4B5632926546F001516B9 /* AppDelegate.swift in Sources */ = {isa = PBXBuildFile; fileRef = 5CD4B5542926546E001516B9 /* AppDelegate.swift */; };
		5CD4B5642926546F001516B9 /* AppDelegate.swift in Sources */ = {isa = PBXBuildFile; fileRef = 5CD4B5542926546E001516B9 /* AppDelegate.swift */; };
		5CD4B5652926546F001516B9 /* AppDelegate.swift in Sources */ = {isa = PBXBuildFile; fileRef = 5CD4B5542926546E001516B9 /* AppDelegate.swift */; };
		5CD4B5662926546F001516B9 /* SceneDelegate.swift in Sources */ = {isa = PBXBuildFile; fileRef = 5CD4B5552926546E001516B9 /* SceneDelegate.swift */; };
		5CD4B5672926546F001516B9 /* SceneDelegate.swift in Sources */ = {isa = PBXBuildFile; fileRef = 5CD4B5552926546E001516B9 /* SceneDelegate.swift */; };
		5CD4B5682926546F001516B9 /* SceneDelegate.swift in Sources */ = {isa = PBXBuildFile; fileRef = 5CD4B5552926546E001516B9 /* SceneDelegate.swift */; };
		5CD4B56C2926546F001516B9 /* LaunchScreen.storyboard in Resources */ = {isa = PBXBuildFile; fileRef = 5CD4B55A2926546E001516B9 /* LaunchScreen.storyboard */; };
		5CD4B56D2926546F001516B9 /* LaunchScreen.storyboard in Resources */ = {isa = PBXBuildFile; fileRef = 5CD4B55A2926546E001516B9 /* LaunchScreen.storyboard */; };
		5CD4B56E2926546F001516B9 /* LaunchScreen.storyboard in Resources */ = {isa = PBXBuildFile; fileRef = 5CD4B55A2926546E001516B9 /* LaunchScreen.storyboard */; };
		5CD4B56F2926546F001516B9 /* Main.storyboard in Resources */ = {isa = PBXBuildFile; fileRef = 5CD4B55C2926546E001516B9 /* Main.storyboard */; };
		5CD4B5702926546F001516B9 /* Main.storyboard in Resources */ = {isa = PBXBuildFile; fileRef = 5CD4B55C2926546E001516B9 /* Main.storyboard */; };
		5CD4B5712926546F001516B9 /* Main.storyboard in Resources */ = {isa = PBXBuildFile; fileRef = 5CD4B55C2926546E001516B9 /* Main.storyboard */; };
		5CD4B5722926546F001516B9 /* Assets.xcassets in Resources */ = {isa = PBXBuildFile; fileRef = 5CD4B55F2926546E001516B9 /* Assets.xcassets */; };
		5CD4B5732926546F001516B9 /* Assets.xcassets in Resources */ = {isa = PBXBuildFile; fileRef = 5CD4B55F2926546E001516B9 /* Assets.xcassets */; };
		5CD4B5742926546F001516B9 /* Assets.xcassets in Resources */ = {isa = PBXBuildFile; fileRef = 5CD4B55F2926546E001516B9 /* Assets.xcassets */; };
		5CD4B57E29297986001516B9 /* SplashVC.swift in Sources */ = {isa = PBXBuildFile; fileRef = 5CD4B57D29297986001516B9 /* SplashVC.swift */; };
		5CD4B57F29297986001516B9 /* SplashVC.swift in Sources */ = {isa = PBXBuildFile; fileRef = 5CD4B57D29297986001516B9 /* SplashVC.swift */; };
		5CD4B58029297986001516B9 /* SplashVC.swift in Sources */ = {isa = PBXBuildFile; fileRef = 5CD4B57D29297986001516B9 /* SplashVC.swift */; };
		5CD4B5A1292984F4001516B9 /* TimerObserver.swift in Sources */ = {isa = PBXBuildFile; fileRef = 5CD4B59D292984F4001516B9 /* TimerObserver.swift */; };
		5CD4B5A2292984F4001516B9 /* TimerObserver.swift in Sources */ = {isa = PBXBuildFile; fileRef = 5CD4B59D292984F4001516B9 /* TimerObserver.swift */; };
		5CD4B5A3292984F4001516B9 /* TimerObserver.swift in Sources */ = {isa = PBXBuildFile; fileRef = 5CD4B59D292984F4001516B9 /* TimerObserver.swift */; };
		5CD4B5A4292984F4001516B9 /* ConnectionObserver.swift in Sources */ = {isa = PBXBuildFile; fileRef = 5CD4B59E292984F4001516B9 /* ConnectionObserver.swift */; };
		5CD4B5A5292984F4001516B9 /* ConnectionObserver.swift in Sources */ = {isa = PBXBuildFile; fileRef = 5CD4B59E292984F4001516B9 /* ConnectionObserver.swift */; };
		5CD4B5A6292984F4001516B9 /* ConnectionObserver.swift in Sources */ = {isa = PBXBuildFile; fileRef = 5CD4B59E292984F4001516B9 /* ConnectionObserver.swift */; };
		5CD9D164292A3922001BD769 /* RatesModel.swift in Sources */ = {isa = PBXBuildFile; fileRef = 5CD9D163292A3922001BD769 /* RatesModel.swift */; };
		5CD9D165292A3922001BD769 /* RatesModel.swift in Sources */ = {isa = PBXBuildFile; fileRef = 5CD9D163292A3922001BD769 /* RatesModel.swift */; };
		5CD9D166292A3922001BD769 /* RatesModel.swift in Sources */ = {isa = PBXBuildFile; fileRef = 5CD9D163292A3922001BD769 /* RatesModel.swift */; };
		5CD9D168292A3967001BD769 /* RateModel.swift in Sources */ = {isa = PBXBuildFile; fileRef = 5CD9D167292A3967001BD769 /* RateModel.swift */; };
		5CD9D169292A3967001BD769 /* RateModel.swift in Sources */ = {isa = PBXBuildFile; fileRef = 5CD9D167292A3967001BD769 /* RateModel.swift */; };
		5CD9D16A292A3967001BD769 /* RateModel.swift in Sources */ = {isa = PBXBuildFile; fileRef = 5CD9D167292A3967001BD769 /* RateModel.swift */; };
		5CD9D16D292A3A5C001BD769 /* FlagKit in Frameworks */ = {isa = PBXBuildFile; productRef = 5CD9D16C292A3A5C001BD769 /* FlagKit */; };
		5CD9D170292A3BAD001BD769 /* Constants.swift in Sources */ = {isa = PBXBuildFile; fileRef = 5CD9D16F292A3BAD001BD769 /* Constants.swift */; };
		5CD9D171292A3BAD001BD769 /* Constants.swift in Sources */ = {isa = PBXBuildFile; fileRef = 5CD9D16F292A3BAD001BD769 /* Constants.swift */; };
		5CD9D172292A3BAD001BD769 /* Constants.swift in Sources */ = {isa = PBXBuildFile; fileRef = 5CD9D16F292A3BAD001BD769 /* Constants.swift */; };
		5CD9D175292A45DF001BD769 /* Object+.swift in Sources */ = {isa = PBXBuildFile; fileRef = 5CD9D174292A45DF001BD769 /* Object+.swift */; };
		5CD9D176292A45DF001BD769 /* Object+.swift in Sources */ = {isa = PBXBuildFile; fileRef = 5CD9D174292A45DF001BD769 /* Object+.swift */; };
		5CD9D177292A45DF001BD769 /* Object+.swift in Sources */ = {isa = PBXBuildFile; fileRef = 5CD9D174292A45DF001BD769 /* Object+.swift */; };
		5CD9D17A292A4FE9001BD769 /* FontAwesome.otf in Resources */ = {isa = PBXBuildFile; fileRef = 5CD9D179292A4FE9001BD769 /* FontAwesome.otf */; };
		5CD9D17B292A4FE9001BD769 /* FontAwesome.otf in Resources */ = {isa = PBXBuildFile; fileRef = 5CD9D179292A4FE9001BD769 /* FontAwesome.otf */; };
		5CD9D17C292A4FE9001BD769 /* FontAwesome.otf in Resources */ = {isa = PBXBuildFile; fileRef = 5CD9D179292A4FE9001BD769 /* FontAwesome.otf */; };
		5CD9D17F292A53ED001BD769 /* Reachability in Frameworks */ = {isa = PBXBuildFile; productRef = 5CD9D17E292A53ED001BD769 /* Reachability */; };
		5CDFABB9292E3E1900541ABA /* SwiftUIView+.swift in Sources */ = {isa = PBXBuildFile; fileRef = 5CDFABB8292E3E1900541ABA /* SwiftUIView+.swift */; };
		5CDFABBB292E3E5300541ABA /* MainUIView.swift in Sources */ = {isa = PBXBuildFile; fileRef = 5CDFABBA292E3E5300541ABA /* MainUIView.swift */; };
		5CE0F8F6292A8DB7005EFB7D /* DataManager.swift in Sources */ = {isa = PBXBuildFile; fileRef = 5CE0F8F5292A8DB7005EFB7D /* DataManager.swift */; };
		5CE0F8FA292A9981005EFB7D /* MainTVC.swift in Sources */ = {isa = PBXBuildFile; fileRef = 5CE0F8F8292A9981005EFB7D /* MainTVC.swift */; };
		5CE0F8FB292A9981005EFB7D /* MainTVC.swift in Sources */ = {isa = PBXBuildFile; fileRef = 5CE0F8F8292A9981005EFB7D /* MainTVC.swift */; };
		5CE0F8FC292A9981005EFB7D /* MainTVC.swift in Sources */ = {isa = PBXBuildFile; fileRef = 5CE0F8F8292A9981005EFB7D /* MainTVC.swift */; };
		5CE0F8FD292A9981005EFB7D /* MainTVC.xib in Resources */ = {isa = PBXBuildFile; fileRef = 5CE0F8F9292A9981005EFB7D /* MainTVC.xib */; };
		5CE0F8FE292A9981005EFB7D /* MainTVC.xib in Resources */ = {isa = PBXBuildFile; fileRef = 5CE0F8F9292A9981005EFB7D /* MainTVC.xib */; };
		5CE0F8FF292A9981005EFB7D /* MainTVC.xib in Resources */ = {isa = PBXBuildFile; fileRef = 5CE0F8F9292A9981005EFB7D /* MainTVC.xib */; };
		5CE0F901292A9FD3005EFB7D /* UITableView+.swift in Sources */ = {isa = PBXBuildFile; fileRef = 5CE0F900292A9FD3005EFB7D /* UITableView+.swift */; };
		5CE0F902292A9FD3005EFB7D /* UITableView+.swift in Sources */ = {isa = PBXBuildFile; fileRef = 5CE0F900292A9FD3005EFB7D /* UITableView+.swift */; };
		5CE0F903292A9FD3005EFB7D /* UITableView+.swift in Sources */ = {isa = PBXBuildFile; fileRef = 5CE0F900292A9FD3005EFB7D /* UITableView+.swift */; };
		5CE0F905292AAA3B005EFB7D /* Double+.swift in Sources */ = {isa = PBXBuildFile; fileRef = 5CE0F904292AAA3B005EFB7D /* Double+.swift */; };
		5CE0F906292AAA3B005EFB7D /* Double+.swift in Sources */ = {isa = PBXBuildFile; fileRef = 5CE0F904292AAA3B005EFB7D /* Double+.swift */; };
		5CE0F907292AAA3B005EFB7D /* Double+.swift in Sources */ = {isa = PBXBuildFile; fileRef = 5CE0F904292AAA3B005EFB7D /* Double+.swift */; };
		5CE0F909292AAD03005EFB7D /* String+.swift in Sources */ = {isa = PBXBuildFile; fileRef = 5CE0F908292AAD03005EFB7D /* String+.swift */; };
		5CE0F90A292AAD03005EFB7D /* String+.swift in Sources */ = {isa = PBXBuildFile; fileRef = 5CE0F908292AAD03005EFB7D /* String+.swift */; };
		5CE0F90B292AAD03005EFB7D /* String+.swift in Sources */ = {isa = PBXBuildFile; fileRef = 5CE0F908292AAD03005EFB7D /* String+.swift */; };
		5CE0F90D292AAECA005EFB7D /* Locale+.swift in Sources */ = {isa = PBXBuildFile; fileRef = 5CE0F90C292AAECA005EFB7D /* Locale+.swift */; };
		5CE0F90E292AAECA005EFB7D /* Locale+.swift in Sources */ = {isa = PBXBuildFile; fileRef = 5CE0F90C292AAECA005EFB7D /* Locale+.swift */; };
		5CE0F90F292AAECA005EFB7D /* Locale+.swift in Sources */ = {isa = PBXBuildFile; fileRef = 5CE0F90C292AAECA005EFB7D /* Locale+.swift */; };
		5CE0F912292AC54E005EFB7D /* Charts in Frameworks */ = {isa = PBXBuildFile; productRef = 5CE0F911292AC54E005EFB7D /* Charts */; };
		5CE0F914292ACD20005EFB7D /* ChartsDataManager.swift in Sources */ = {isa = PBXBuildFile; fileRef = 5CE0F913292ACD20005EFB7D /* ChartsDataManager.swift */; };
		5CE0F915292ACD20005EFB7D /* ChartsDataManager.swift in Sources */ = {isa = PBXBuildFile; fileRef = 5CE0F913292ACD20005EFB7D /* ChartsDataManager.swift */; };
		5CE0F916292ACD20005EFB7D /* ChartsDataManager.swift in Sources */ = {isa = PBXBuildFile; fileRef = 5CE0F913292ACD20005EFB7D /* ChartsDataManager.swift */; };
		5CE0F919292AE0A8005EFB7D /* SwiftEntryKit in Frameworks */ = {isa = PBXBuildFile; productRef = 5CE0F918292AE0A8005EFB7D /* SwiftEntryKit */; };
		5CE0F91C292AF8EB005EFB7D /* NVActivityIndicatorView in Frameworks */ = {isa = PBXBuildFile; productRef = 5CE0F91B292AF8EB005EFB7D /* NVActivityIndicatorView */; };
		5CE0F91E292AFD44005EFB7D /* NotificationsManager.swift in Sources */ = {isa = PBXBuildFile; fileRef = 5CE0F91D292AFD44005EFB7D /* NotificationsManager.swift */; };
		5CE0F91F292AFD44005EFB7D /* NotificationsManager.swift in Sources */ = {isa = PBXBuildFile; fileRef = 5CE0F91D292AFD44005EFB7D /* NotificationsManager.swift */; };
		5CE0F920292AFD44005EFB7D /* NotificationsManager.swift in Sources */ = {isa = PBXBuildFile; fileRef = 5CE0F91D292AFD44005EFB7D /* NotificationsManager.swift */; };
		5CF07F14292B9321002B02BD /* JAMTestHelper.swift in Sources */ = {isa = PBXBuildFile; fileRef = 5CF07F13292B9321002B02BD /* JAMTestHelper.swift */; };
		5CF07F15292B9416002B02BD /* DataManager.swift in Sources */ = {isa = PBXBuildFile; fileRef = 5CE0F8F5292A8DB7005EFB7D /* DataManager.swift */; };
		5CF07F16292B9416002B02BD /* DataManager.swift in Sources */ = {isa = PBXBuildFile; fileRef = 5CE0F8F5292A8DB7005EFB7D /* DataManager.swift */; };
		5CF07F19292B9615002B02BD /* FlagKit in Frameworks */ = {isa = PBXBuildFile; productRef = 5CF07F18292B9615002B02BD /* FlagKit */; };
		5CF07F1B292B9619002B02BD /* Reachability in Frameworks */ = {isa = PBXBuildFile; productRef = 5CF07F1A292B9619002B02BD /* Reachability */; };
		5CF07F1D292B961D002B02BD /* Charts in Frameworks */ = {isa = PBXBuildFile; productRef = 5CF07F1C292B961D002B02BD /* Charts */; };
		5CF07F1F292B9624002B02BD /* SwiftEntryKit in Frameworks */ = {isa = PBXBuildFile; productRef = 5CF07F1E292B9624002B02BD /* SwiftEntryKit */; };
		5CF07F21292B962C002B02BD /* NVActivityIndicatorView in Frameworks */ = {isa = PBXBuildFile; productRef = 5CF07F20292B962C002B02BD /* NVActivityIndicatorView */; };
		5CF3B7D1292CE96B00D3831C /* rates_json.json in Resources */ = {isa = PBXBuildFile; fileRef = 5CF3B7CF292CE96B00D3831C /* rates_json.json */; };
		5CF3B7D2292CE96B00D3831C /* rate_json.json in Resources */ = {isa = PBXBuildFile; fileRef = 5CF3B7D0292CE96B00D3831C /* rate_json.json */; };
		5CF3B7D3292CF12E00D3831C /* JAMTestHelper.swift in Sources */ = {isa = PBXBuildFile; fileRef = 5CF07F13292B9321002B02BD /* JAMTestHelper.swift */; };
		5CF3B7D6292E1D6800D3831C /* RxBlocking in Frameworks */ = {isa = PBXBuildFile; productRef = 5CF3B7D5292E1D6800D3831C /* RxBlocking */; };
		5CF3B7D8292E1D6800D3831C /* RxCocoa in Frameworks */ = {isa = PBXBuildFile; productRef = 5CF3B7D7292E1D6800D3831C /* RxCocoa */; };
		5CF3B7DC292E1D6800D3831C /* RxSwift in Frameworks */ = {isa = PBXBuildFile; productRef = 5CF3B7DB292E1D6800D3831C /* RxSwift */; };
		5CF3B7E0292E1F2D00D3831C /* SplashUIView.swift in Sources */ = {isa = PBXBuildFile; fileRef = 5CF3B7DF292E1F2D00D3831C /* SplashUIView.swift */; };
		5CF3B7E2292E2A5100D3831C /* ActivityView.swift in Sources */ = {isa = PBXBuildFile; fileRef = 5CF3B7E1292E2A5100D3831C /* ActivityView.swift */; };
/* End PBXBuildFile section */

/* Begin PBXContainerItemProxy section */
		5CD4B53229265363001516B9 /* PBXContainerItemProxy */ = {
			isa = PBXContainerItemProxy;
			containerPortal = 5CD4B51329265361001516B9 /* Project object */;
			proxyType = 1;
			remoteGlobalIDString = 5CD4B51A29265361001516B9;
			remoteInfo = DBSWISS;
		};
		5CF3B7C9292BAB1500D3831C /* PBXContainerItemProxy */ = {
			isa = PBXContainerItemProxy;
			containerPortal = 5CD4B51329265361001516B9 /* Project object */;
			proxyType = 1;
			remoteGlobalIDString = 5CD4B51A29265361001516B9;
			remoteInfo = BDSWISS;
		};
/* End PBXContainerItemProxy section */

/* Begin PBXFileReference section */
		5C5B16BD292FF73B000FF56D /* APIClient.swift */ = {isa = PBXFileReference; fileEncoding = 4; lastKnownFileType = sourcecode.swift; path = APIClient.swift; sourceTree = "<group>"; };
		5C5B16C1292FF754000FF56D /* RatesRequest.swift */ = {isa = PBXFileReference; lastKnownFileType = sourcecode.swift; path = RatesRequest.swift; sourceTree = "<group>"; };
		5CD4B51B29265361001516B9 /* BDSWISS.app */ = {isa = PBXFileReference; explicitFileType = wrapper.application; includeInIndex = 0; path = BDSWISS.app; sourceTree = BUILT_PRODUCTS_DIR; };
		5CD4B53129265363001516B9 /* BDSWISSTests.xctest */ = {isa = PBXFileReference; explicitFileType = wrapper.cfbundle; includeInIndex = 0; path = BDSWISSTests.xctest; sourceTree = BUILT_PRODUCTS_DIR; };
		5CD4B53529265363001516B9 /* BDSWISSTests.swift */ = {isa = PBXFileReference; lastKnownFileType = sourcecode.swift; path = BDSWISSTests.swift; sourceTree = "<group>"; };
		5CD4B53B29265363001516B9 /* BDSWISSUITests.xctest */ = {isa = PBXFileReference; explicitFileType = wrapper.cfbundle; includeInIndex = 0; path = BDSWISSUITests.xctest; sourceTree = BUILT_PRODUCTS_DIR; };
		5CD4B53F29265363001516B9 /* BDSWISSUITests.swift */ = {isa = PBXFileReference; lastKnownFileType = sourcecode.swift; path = BDSWISSUITests.swift; sourceTree = "<group>"; };
		5CD4B54129265363001516B9 /* BDSWISSUITestsLaunchTests.swift */ = {isa = PBXFileReference; lastKnownFileType = sourcecode.swift; path = BDSWISSUITestsLaunchTests.swift; sourceTree = "<group>"; };
		5CD4B5522926546E001516B9 /* MainVC.swift */ = {isa = PBXFileReference; fileEncoding = 4; lastKnownFileType = sourcecode.swift; path = MainVC.swift; sourceTree = "<group>"; };
		5CD4B5542926546E001516B9 /* AppDelegate.swift */ = {isa = PBXFileReference; fileEncoding = 4; lastKnownFileType = sourcecode.swift; path = AppDelegate.swift; sourceTree = "<group>"; };
		5CD4B5552926546E001516B9 /* SceneDelegate.swift */ = {isa = PBXFileReference; fileEncoding = 4; lastKnownFileType = sourcecode.swift; path = SceneDelegate.swift; sourceTree = "<group>"; };
		5CD4B5582926546E001516B9 /* Info.plist */ = {isa = PBXFileReference; fileEncoding = 4; lastKnownFileType = text.plist.xml; path = Info.plist; sourceTree = "<group>"; };
		5CD4B55B2926546E001516B9 /* Base */ = {isa = PBXFileReference; lastKnownFileType = file.storyboard; name = Base; path = Base.lproj/LaunchScreen.storyboard; sourceTree = "<group>"; };
		5CD4B55D2926546E001516B9 /* Base */ = {isa = PBXFileReference; lastKnownFileType = file.storyboard; name = Base; path = Base.lproj/Main.storyboard; sourceTree = "<group>"; };
		5CD4B55F2926546E001516B9 /* Assets.xcassets */ = {isa = PBXFileReference; lastKnownFileType = folder.assetcatalog; path = Assets.xcassets; sourceTree = "<group>"; };
		5CD4B57D29297986001516B9 /* SplashVC.swift */ = {isa = PBXFileReference; lastKnownFileType = sourcecode.swift; path = SplashVC.swift; sourceTree = "<group>"; };
		5CD4B59D292984F4001516B9 /* TimerObserver.swift */ = {isa = PBXFileReference; fileEncoding = 4; lastKnownFileType = sourcecode.swift; path = TimerObserver.swift; sourceTree = "<group>"; };
		5CD4B59E292984F4001516B9 /* ConnectionObserver.swift */ = {isa = PBXFileReference; fileEncoding = 4; lastKnownFileType = sourcecode.swift; path = ConnectionObserver.swift; sourceTree = "<group>"; };
		5CD9D163292A3922001BD769 /* RatesModel.swift */ = {isa = PBXFileReference; lastKnownFileType = sourcecode.swift; path = RatesModel.swift; sourceTree = "<group>"; };
		5CD9D167292A3967001BD769 /* RateModel.swift */ = {isa = PBXFileReference; lastKnownFileType = sourcecode.swift; path = RateModel.swift; sourceTree = "<group>"; };
		5CD9D16F292A3BAD001BD769 /* Constants.swift */ = {isa = PBXFileReference; lastKnownFileType = sourcecode.swift; path = Constants.swift; sourceTree = "<group>"; };
		5CD9D174292A45DF001BD769 /* Object+.swift */ = {isa = PBXFileReference; lastKnownFileType = sourcecode.swift; path = "Object+.swift"; sourceTree = "<group>"; };
		5CD9D179292A4FE9001BD769 /* FontAwesome.otf */ = {isa = PBXFileReference; lastKnownFileType = file; path = FontAwesome.otf; sourceTree = "<group>"; };
		5CDFABB8292E3E1900541ABA /* SwiftUIView+.swift */ = {isa = PBXFileReference; lastKnownFileType = sourcecode.swift; path = "SwiftUIView+.swift"; sourceTree = "<group>"; };
		5CDFABBA292E3E5300541ABA /* MainUIView.swift */ = {isa = PBXFileReference; lastKnownFileType = sourcecode.swift; path = MainUIView.swift; sourceTree = "<group>"; };
		5CE0F8F5292A8DB7005EFB7D /* DataManager.swift */ = {isa = PBXFileReference; lastKnownFileType = sourcecode.swift; path = DataManager.swift; sourceTree = "<group>"; };
		5CE0F8F8292A9981005EFB7D /* MainTVC.swift */ = {isa = PBXFileReference; lastKnownFileType = sourcecode.swift; path = MainTVC.swift; sourceTree = "<group>"; };
		5CE0F8F9292A9981005EFB7D /* MainTVC.xib */ = {isa = PBXFileReference; lastKnownFileType = file.xib; path = MainTVC.xib; sourceTree = "<group>"; };
		5CE0F900292A9FD3005EFB7D /* UITableView+.swift */ = {isa = PBXFileReference; lastKnownFileType = sourcecode.swift; path = "UITableView+.swift"; sourceTree = "<group>"; };
		5CE0F904292AAA3B005EFB7D /* Double+.swift */ = {isa = PBXFileReference; lastKnownFileType = sourcecode.swift; path = "Double+.swift"; sourceTree = "<group>"; };
		5CE0F908292AAD03005EFB7D /* String+.swift */ = {isa = PBXFileReference; lastKnownFileType = sourcecode.swift; path = "String+.swift"; sourceTree = "<group>"; };
		5CE0F90C292AAECA005EFB7D /* Locale+.swift */ = {isa = PBXFileReference; lastKnownFileType = sourcecode.swift; path = "Locale+.swift"; sourceTree = "<group>"; };
		5CE0F913292ACD20005EFB7D /* ChartsDataManager.swift */ = {isa = PBXFileReference; lastKnownFileType = sourcecode.swift; path = ChartsDataManager.swift; sourceTree = "<group>"; };
		5CE0F91D292AFD44005EFB7D /* NotificationsManager.swift */ = {isa = PBXFileReference; lastKnownFileType = sourcecode.swift; path = NotificationsManager.swift; sourceTree = "<group>"; };
		5CF07F13292B9321002B02BD /* JAMTestHelper.swift */ = {isa = PBXFileReference; lastKnownFileType = sourcecode.swift; path = JAMTestHelper.swift; sourceTree = "<group>"; };
		5CF3B7CF292CE96B00D3831C /* rates_json.json */ = {isa = PBXFileReference; fileEncoding = 4; lastKnownFileType = text.json; path = rates_json.json; sourceTree = "<group>"; };
		5CF3B7D0292CE96B00D3831C /* rate_json.json */ = {isa = PBXFileReference; fileEncoding = 4; lastKnownFileType = text.json; path = rate_json.json; sourceTree = "<group>"; };
		5CF3B7DF292E1F2D00D3831C /* SplashUIView.swift */ = {isa = PBXFileReference; lastKnownFileType = sourcecode.swift; path = SplashUIView.swift; sourceTree = "<group>"; };
		5CF3B7E1292E2A5100D3831C /* ActivityView.swift */ = {isa = PBXFileReference; lastKnownFileType = sourcecode.swift; path = ActivityView.swift; sourceTree = "<group>"; };
/* End PBXFileReference section */

/* Begin PBXFrameworksBuildPhase section */
		5CD4B51829265361001516B9 /* Frameworks */ = {
			isa = PBXFrameworksBuildPhase;
			buildActionMask = 2147483647;
			files = (
				5CF3B7DC292E1D6800D3831C /* RxSwift in Frameworks */,
				5CE0F919292AE0A8005EFB7D /* SwiftEntryKit in Frameworks */,
				5CF3B7D6292E1D6800D3831C /* RxBlocking in Frameworks */,
				5CE0F91C292AF8EB005EFB7D /* NVActivityIndicatorView in Frameworks */,
				5CF3B7D8292E1D6800D3831C /* RxCocoa in Frameworks */,
				5C5B16B5292F9231000FF56D /* RxReachability in Frameworks */,
				5CD9D16D292A3A5C001BD769 /* FlagKit in Frameworks */,
				5CE0F912292AC54E005EFB7D /* Charts in Frameworks */,
				5CD9D17F292A53ED001BD769 /* Reachability in Frameworks */,
			);
			runOnlyForDeploymentPostprocessing = 0;
		};
		5CD4B52E29265363001516B9 /* Frameworks */ = {
			isa = PBXFrameworksBuildPhase;
			buildActionMask = 2147483647;
			files = (
			);
			runOnlyForDeploymentPostprocessing = 0;
		};
		5CD4B53829265363001516B9 /* Frameworks */ = {
			isa = PBXFrameworksBuildPhase;
			buildActionMask = 2147483647;
			files = (
				5CF07F1F292B9624002B02BD /* SwiftEntryKit in Frameworks */,
				5CF07F21292B962C002B02BD /* NVActivityIndicatorView in Frameworks */,
				5CF07F19292B9615002B02BD /* FlagKit in Frameworks */,
				5CF07F1D292B961D002B02BD /* Charts in Frameworks */,
				5CF07F1B292B9619002B02BD /* Reachability in Frameworks */,
			);
			runOnlyForDeploymentPostprocessing = 0;
		};
/* End PBXFrameworksBuildPhase section */

/* Begin PBXGroup section */
		5C5B16B8292FF708000FF56D /* Request */ = {
			isa = PBXGroup;
			children = (
				5C5B16BD292FF73B000FF56D /* APIClient.swift */,
				5C5B16C1292FF754000FF56D /* RatesRequest.swift */,
			);
			path = Request;
			sourceTree = "<group>";
		};
		5CD4B51229265361001516B9 = {
			isa = PBXGroup;
			children = (
				5CD4B51D29265361001516B9 /* BDSWISS */,
				5CD4B53429265363001516B9 /* BDSWISSTests */,
				5CD4B53E29265363001516B9 /* BDSWISSUITests */,
				5CD4B51C29265361001516B9 /* Products */,
				5CF07F17292B9615002B02BD /* Frameworks */,
			);
			sourceTree = "<group>";
		};
		5CD4B51C29265361001516B9 /* Products */ = {
			isa = PBXGroup;
			children = (
				5CD4B51B29265361001516B9 /* BDSWISS.app */,
				5CD4B53129265363001516B9 /* BDSWISSTests.xctest */,
				5CD4B53B29265363001516B9 /* BDSWISSUITests.xctest */,
			);
			name = Products;
			sourceTree = "<group>";
		};
		5CD4B51D29265361001516B9 /* BDSWISS */ = {
			isa = PBXGroup;
			children = (
				5CD4B54E2926546E001516B9 /* classes */,
				5CD4B5562926546E001516B9 /* resources */,
			);
			path = BDSWISS;
			sourceTree = "<group>";
		};
		5CD4B53429265363001516B9 /* BDSWISSTests */ = {
			isa = PBXGroup;
			children = (
				5CD4B53529265363001516B9 /* BDSWISSTests.swift */,
				5CF3B7D0292CE96B00D3831C /* rate_json.json */,
				5CF3B7CF292CE96B00D3831C /* rates_json.json */,
			);
			path = BDSWISSTests;
			sourceTree = "<group>";
		};
		5CD4B53E29265363001516B9 /* BDSWISSUITests */ = {
			isa = PBXGroup;
			children = (
				5CD4B53F29265363001516B9 /* BDSWISSUITests.swift */,
				5CF07F13292B9321002B02BD /* JAMTestHelper.swift */,
				5CD4B54129265363001516B9 /* BDSWISSUITestsLaunchTests.swift */,
			);
			path = BDSWISSUITests;
			sourceTree = "<group>";
		};
		5CD4B54E2926546E001516B9 /* classes */ = {
			isa = PBXGroup;
			children = (
				5C5B16B8292FF708000FF56D /* Request */,
				5CD9D173292A45D1001BD769 /* Extensions */,
				5CD9D16E292A3B52001BD769 /* Constants */,
				5CD4B59F292984F4001516B9 /* Managers */,
				5CD4B59C292984F4001516B9 /* Observers */,
				5CD4B59B292984EB001516B9 /* Models */,
				5CD4B54F2926546E001516B9 /* UI */,
				5CD4B5532926546E001516B9 /* AppSceneDelegate */,
			);
			path = classes;
			sourceTree = "<group>";
		};
		5CD4B54F2926546E001516B9 /* UI */ = {
			isa = PBXGroup;
			children = (
				5CD4B5502926546E001516B9 /* Splash */,
				5CD4B5512926546E001516B9 /* MainScreen */,
			);
			path = UI;
			sourceTree = "<group>";
		};
		5CD4B5502926546E001516B9 /* Splash */ = {
			isa = PBXGroup;
			children = (
				5CD4B57D29297986001516B9 /* SplashVC.swift */,
				5CF3B7DF292E1F2D00D3831C /* SplashUIView.swift */,
				5CF3B7E1292E2A5100D3831C /* ActivityView.swift */,
			);
			path = Splash;
			sourceTree = "<group>";
		};
		5CD4B5512926546E001516B9 /* MainScreen */ = {
			isa = PBXGroup;
			children = (
				5CE0F8F7292A995F005EFB7D /* Cell */,
				5CD4B5522926546E001516B9 /* MainVC.swift */,
				5CDFABBA292E3E5300541ABA /* MainUIView.swift */,
			);
			path = MainScreen;
			sourceTree = "<group>";
		};
		5CD4B5532926546E001516B9 /* AppSceneDelegate */ = {
			isa = PBXGroup;
			children = (
				5CD4B5542926546E001516B9 /* AppDelegate.swift */,
				5CD4B5552926546E001516B9 /* SceneDelegate.swift */,
			);
			path = AppSceneDelegate;
			sourceTree = "<group>";
		};
		5CD4B5562926546E001516B9 /* resources */ = {
			isa = PBXGroup;
			children = (
				5CD9D178292A4FE9001BD769 /* Fonts */,
				5CD4B5572926546E001516B9 /* Plist */,
				5CD4B5592926546E001516B9 /* Storyboards */,
				5CD4B55E2926546E001516B9 /* Assets */,
			);
			path = resources;
			sourceTree = "<group>";
		};
		5CD4B5572926546E001516B9 /* Plist */ = {
			isa = PBXGroup;
			children = (
				5CD4B5582926546E001516B9 /* Info.plist */,
			);
			path = Plist;
			sourceTree = "<group>";
		};
		5CD4B5592926546E001516B9 /* Storyboards */ = {
			isa = PBXGroup;
			children = (
				5CD4B55A2926546E001516B9 /* LaunchScreen.storyboard */,
				5CD4B55C2926546E001516B9 /* Main.storyboard */,
			);
			path = Storyboards;
			sourceTree = "<group>";
		};
		5CD4B55E2926546E001516B9 /* Assets */ = {
			isa = PBXGroup;
			children = (
				5CD4B55F2926546E001516B9 /* Assets.xcassets */,
			);
			path = Assets;
			sourceTree = "<group>";
		};
		5CD4B59B292984EB001516B9 /* Models */ = {
			isa = PBXGroup;
			children = (
				5CD9D163292A3922001BD769 /* RatesModel.swift */,
				5CD9D167292A3967001BD769 /* RateModel.swift */,
			);
			path = Models;
			sourceTree = "<group>";
		};
		5CD4B59C292984F4001516B9 /* Observers */ = {
			isa = PBXGroup;
			children = (
				5CD4B59D292984F4001516B9 /* TimerObserver.swift */,
				5CD4B59E292984F4001516B9 /* ConnectionObserver.swift */,
			);
			path = Observers;
			sourceTree = "<group>";
		};
		5CD4B59F292984F4001516B9 /* Managers */ = {
			isa = PBXGroup;
			children = (
				5CE0F8F5292A8DB7005EFB7D /* DataManager.swift */,
				5CE0F913292ACD20005EFB7D /* ChartsDataManager.swift */,
				5CE0F91D292AFD44005EFB7D /* NotificationsManager.swift */,
			);
			path = Managers;
			sourceTree = "<group>";
		};
		5CD9D16E292A3B52001BD769 /* Constants */ = {
			isa = PBXGroup;
			children = (
				5CD9D16F292A3BAD001BD769 /* Constants.swift */,
			);
			path = Constants;
			sourceTree = "<group>";
		};
		5CD9D173292A45D1001BD769 /* Extensions */ = {
			isa = PBXGroup;
			children = (
				5CD9D174292A45DF001BD769 /* Object+.swift */,
				5CE0F900292A9FD3005EFB7D /* UITableView+.swift */,
				5CE0F904292AAA3B005EFB7D /* Double+.swift */,
				5CE0F908292AAD03005EFB7D /* String+.swift */,
				5CE0F90C292AAECA005EFB7D /* Locale+.swift */,
				5CDFABB8292E3E1900541ABA /* SwiftUIView+.swift */,
			);
			path = Extensions;
			sourceTree = "<group>";
		};
		5CD9D178292A4FE9001BD769 /* Fonts */ = {
			isa = PBXGroup;
			children = (
				5CD9D179292A4FE9001BD769 /* FontAwesome.otf */,
			);
			path = Fonts;
			sourceTree = "<group>";
		};
		5CE0F8F7292A995F005EFB7D /* Cell */ = {
			isa = PBXGroup;
			children = (
				5CE0F8F8292A9981005EFB7D /* MainTVC.swift */,
				5CE0F8F9292A9981005EFB7D /* MainTVC.xib */,
			);
			path = Cell;
			sourceTree = "<group>";
		};
		5CF07F17292B9615002B02BD /* Frameworks */ = {
			isa = PBXGroup;
			children = (
			);
			name = Frameworks;
			sourceTree = "<group>";
		};
/* End PBXGroup section */

/* Begin PBXNativeTarget section */
		5CD4B51A29265361001516B9 /* BDSWISS */ = {
			isa = PBXNativeTarget;
			buildConfigurationList = 5CD4B54529265363001516B9 /* Build configuration list for PBXNativeTarget "BDSWISS" */;
			buildPhases = (
				5CD4B51729265361001516B9 /* Sources */,
				5CD4B51829265361001516B9 /* Frameworks */,
				5CD4B51929265361001516B9 /* Resources */,
			);
			buildRules = (
			);
			dependencies = (
			);
			name = BDSWISS;
			packageProductDependencies = (
				5CD9D16C292A3A5C001BD769 /* FlagKit */,
				5CD9D17E292A53ED001BD769 /* Reachability */,
				5CE0F911292AC54E005EFB7D /* Charts */,
				5CE0F918292AE0A8005EFB7D /* SwiftEntryKit */,
				5CE0F91B292AF8EB005EFB7D /* NVActivityIndicatorView */,
				5CF3B7D5292E1D6800D3831C /* RxBlocking */,
				5CF3B7D7292E1D6800D3831C /* RxCocoa */,
				5CF3B7DB292E1D6800D3831C /* RxSwift */,
				5C5B16B4292F9231000FF56D /* RxReachability */,
			);
			productName = DBSWISS;
			productReference = 5CD4B51B29265361001516B9 /* BDSWISS.app */;
			productType = "com.apple.product-type.application";
		};
		5CD4B53029265363001516B9 /* BDSWISSTests */ = {
			isa = PBXNativeTarget;
			buildConfigurationList = 5CD4B54829265363001516B9 /* Build configuration list for PBXNativeTarget "BDSWISSTests" */;
			buildPhases = (
				5CD4B52D29265363001516B9 /* Sources */,
				5CD4B52E29265363001516B9 /* Frameworks */,
				5CD4B52F29265363001516B9 /* Resources */,
			);
			buildRules = (
			);
			dependencies = (
				5CD4B53329265363001516B9 /* PBXTargetDependency */,
			);
			name = BDSWISSTests;
			productName = DBSWISSTests;
			productReference = 5CD4B53129265363001516B9 /* BDSWISSTests.xctest */;
			productType = "com.apple.product-type.bundle.unit-test";
		};
		5CD4B53A29265363001516B9 /* BDSWISSUITests */ = {
			isa = PBXNativeTarget;
			buildConfigurationList = 5CD4B54B29265363001516B9 /* Build configuration list for PBXNativeTarget "BDSWISSUITests" */;
			buildPhases = (
				5CD4B53729265363001516B9 /* Sources */,
				5CD4B53829265363001516B9 /* Frameworks */,
				5CD4B53929265363001516B9 /* Resources */,
			);
			buildRules = (
			);
			dependencies = (
				5CF3B7CA292BAB1500D3831C /* PBXTargetDependency */,
			);
			name = BDSWISSUITests;
			packageProductDependencies = (
				5CF07F18292B9615002B02BD /* FlagKit */,
				5CF07F1A292B9619002B02BD /* Reachability */,
				5CF07F1C292B961D002B02BD /* Charts */,
				5CF07F1E292B9624002B02BD /* SwiftEntryKit */,
				5CF07F20292B962C002B02BD /* NVActivityIndicatorView */,
			);
			productName = DBSWISSUITests;
			productReference = 5CD4B53B29265363001516B9 /* BDSWISSUITests.xctest */;
			productType = "com.apple.product-type.bundle.ui-testing";
		};
/* End PBXNativeTarget section */

/* Begin PBXProject section */
		5CD4B51329265361001516B9 /* Project object */ = {
			isa = PBXProject;
			attributes = {
				BuildIndependentTargetsInParallel = 1;
				LastSwiftUpdateCheck = 1410;
				LastUpgradeCheck = 1410;
				TargetAttributes = {
					5CD4B51A29265361001516B9 = {
						CreatedOnToolsVersion = 14.1;
					};
					5CD4B53029265363001516B9 = {
						CreatedOnToolsVersion = 14.1;
						TestTargetID = 5CD4B51A29265361001516B9;
					};
					5CD4B53A29265363001516B9 = {
						CreatedOnToolsVersion = 14.1;
						TestTargetID = 5CD4B51A29265361001516B9;
					};
				};
			};
			buildConfigurationList = 5CD4B51629265361001516B9 /* Build configuration list for PBXProject "BDSWISS" */;
			compatibilityVersion = "Xcode 14.0";
			developmentRegion = en;
			hasScannedForEncodings = 0;
			knownRegions = (
				en,
				Base,
			);
			mainGroup = 5CD4B51229265361001516B9;
			packageReferences = (
				5CD9D16B292A3A5C001BD769 /* XCRemoteSwiftPackageReference "FlagKit" */,
				5CD9D17D292A53ED001BD769 /* XCRemoteSwiftPackageReference "Reachability" */,
				5CE0F910292AC54E005EFB7D /* XCRemoteSwiftPackageReference "Charts" */,
				5CE0F917292AE0A8005EFB7D /* XCRemoteSwiftPackageReference "SwiftEntryKit" */,
				5CE0F91A292AF8EB005EFB7D /* XCRemoteSwiftPackageReference "NVActivityIndicatorView" */,
				5CF3B7D4292E1D6800D3831C /* XCRemoteSwiftPackageReference "RxSwift" */,
				5C5B16B3292F9231000FF56D /* XCRemoteSwiftPackageReference "RxReachability" */,
			);
			productRefGroup = 5CD4B51C29265361001516B9 /* Products */;
			projectDirPath = "";
			projectRoot = "";
			targets = (
				5CD4B51A29265361001516B9 /* BDSWISS */,
				5CD4B53029265363001516B9 /* BDSWISSTests */,
				5CD4B53A29265363001516B9 /* BDSWISSUITests */,
			);
		};
/* End PBXProject section */

/* Begin PBXResourcesBuildPhase section */
		5CD4B51929265361001516B9 /* Resources */ = {
			isa = PBXResourcesBuildPhase;
			buildActionMask = 2147483647;
			files = (
				5CD4B56F2926546F001516B9 /* Main.storyboard in Resources */,
				5CE0F8FD292A9981005EFB7D /* MainTVC.xib in Resources */,
				5CD4B5722926546F001516B9 /* Assets.xcassets in Resources */,
				5CD9D17A292A4FE9001BD769 /* FontAwesome.otf in Resources */,
				5CD4B56C2926546F001516B9 /* LaunchScreen.storyboard in Resources */,
			);
			runOnlyForDeploymentPostprocessing = 0;
		};
		5CD4B52F29265363001516B9 /* Resources */ = {
			isa = PBXResourcesBuildPhase;
			buildActionMask = 2147483647;
			files = (
				5CD4B5702926546F001516B9 /* Main.storyboard in Resources */,
				5CE0F8FE292A9981005EFB7D /* MainTVC.xib in Resources */,
				5CD4B5732926546F001516B9 /* Assets.xcassets in Resources */,
				5CF3B7D2292CE96B00D3831C /* rate_json.json in Resources */,
				5CD9D17B292A4FE9001BD769 /* FontAwesome.otf in Resources */,
				5CD4B56D2926546F001516B9 /* LaunchScreen.storyboard in Resources */,
				5CF3B7D1292CE96B00D3831C /* rates_json.json in Resources */,
			);
			runOnlyForDeploymentPostprocessing = 0;
		};
		5CD4B53929265363001516B9 /* Resources */ = {
			isa = PBXResourcesBuildPhase;
			buildActionMask = 2147483647;
			files = (
				5CD4B5712926546F001516B9 /* Main.storyboard in Resources */,
				5CE0F8FF292A9981005EFB7D /* MainTVC.xib in Resources */,
				5CD4B5742926546F001516B9 /* Assets.xcassets in Resources */,
				5CD9D17C292A4FE9001BD769 /* FontAwesome.otf in Resources */,
				5CD4B56E2926546F001516B9 /* LaunchScreen.storyboard in Resources */,
			);
			runOnlyForDeploymentPostprocessing = 0;
		};
/* End PBXResourcesBuildPhase section */

/* Begin PBXSourcesBuildPhase section */
		5CD4B51729265361001516B9 /* Sources */ = {
			isa = PBXSourcesBuildPhase;
			buildActionMask = 2147483647;
			files = (
				5CD4B5A4292984F4001516B9 /* ConnectionObserver.swift in Sources */,
				5CE0F914292ACD20005EFB7D /* ChartsDataManager.swift in Sources */,
				5CE0F8F6292A8DB7005EFB7D /* DataManager.swift in Sources */,
				5CD9D168292A3967001BD769 /* RateModel.swift in Sources */,
				5CE0F90D292AAECA005EFB7D /* Locale+.swift in Sources */,
				5CDFABBB292E3E5300541ABA /* MainUIView.swift in Sources */,
				5CD4B5602926546F001516B9 /* MainVC.swift in Sources */,
				5CDFABB9292E3E1900541ABA /* SwiftUIView+.swift in Sources */,
				5CD9D164292A3922001BD769 /* RatesModel.swift in Sources */,
				5CD9D170292A3BAD001BD769 /* Constants.swift in Sources */,
				5CD4B57E29297986001516B9 /* SplashVC.swift in Sources */,
				5C5B16BE292FF73B000FF56D /* APIClient.swift in Sources */,
				5CE0F909292AAD03005EFB7D /* String+.swift in Sources */,
				5C5B16C2292FF754000FF56D /* RatesRequest.swift in Sources */,
				5CE0F901292A9FD3005EFB7D /* UITableView+.swift in Sources */,
				5CE0F905292AAA3B005EFB7D /* Double+.swift in Sources */,
				5CD4B5632926546F001516B9 /* AppDelegate.swift in Sources */,
				5CF3B7E2292E2A5100D3831C /* ActivityView.swift in Sources */,
				5CD9D175292A45DF001BD769 /* Object+.swift in Sources */,
				5CE0F91E292AFD44005EFB7D /* NotificationsManager.swift in Sources */,
				5CD4B5662926546F001516B9 /* SceneDelegate.swift in Sources */,
				5CF3B7E0292E1F2D00D3831C /* SplashUIView.swift in Sources */,
				5CE0F8FA292A9981005EFB7D /* MainTVC.swift in Sources */,
				5CD4B5A1292984F4001516B9 /* TimerObserver.swift in Sources */,
			);
			runOnlyForDeploymentPostprocessing = 0;
		};
		5CD4B52D29265363001516B9 /* Sources */ = {
			isa = PBXSourcesBuildPhase;
			buildActionMask = 2147483647;
			files = (
				5CD4B5642926546F001516B9 /* AppDelegate.swift in Sources */,
				5CE0F915292ACD20005EFB7D /* ChartsDataManager.swift in Sources */,
				5CD9D171292A3BAD001BD769 /* Constants.swift in Sources */,
				5CD4B5A2292984F4001516B9 /* TimerObserver.swift in Sources */,
				5CE0F90E292AAECA005EFB7D /* Locale+.swift in Sources */,
				5CD4B5A5292984F4001516B9 /* ConnectionObserver.swift in Sources */,
				5CF3B7D3292CF12E00D3831C /* JAMTestHelper.swift in Sources */,
				5CD4B57F29297986001516B9 /* SplashVC.swift in Sources */,
				5C5B16BF292FF73B000FF56D /* APIClient.swift in Sources */,
				5CD4B5612926546F001516B9 /* MainVC.swift in Sources */,
				5CD9D165292A3922001BD769 /* RatesModel.swift in Sources */,
				5C5B16C3292FF754000FF56D /* RatesRequest.swift in Sources */,
				5CE0F90A292AAD03005EFB7D /* String+.swift in Sources */,
				5CE0F902292A9FD3005EFB7D /* UITableView+.swift in Sources */,
				5CE0F906292AAA3B005EFB7D /* Double+.swift in Sources */,
				5CD9D169292A3967001BD769 /* RateModel.swift in Sources */,
				5CD4B53629265363001516B9 /* BDSWISSTests.swift in Sources */,
				5CF07F15292B9416002B02BD /* DataManager.swift in Sources */,
				5CE0F91F292AFD44005EFB7D /* NotificationsManager.swift in Sources */,
				5CD9D176292A45DF001BD769 /* Object+.swift in Sources */,
				5CE0F8FB292A9981005EFB7D /* MainTVC.swift in Sources */,
				5CD4B5672926546F001516B9 /* SceneDelegate.swift in Sources */,
			);
			runOnlyForDeploymentPostprocessing = 0;
		};
		5CD4B53729265363001516B9 /* Sources */ = {
			isa = PBXSourcesBuildPhase;
			buildActionMask = 2147483647;
			files = (
				5C5B16C4292FF754000FF56D /* RatesRequest.swift in Sources */,
				5CD4B5682926546F001516B9 /* SceneDelegate.swift in Sources */,
				5CD4B5652926546F001516B9 /* AppDelegate.swift in Sources */,
				5CE0F8FC292A9981005EFB7D /* MainTVC.swift in Sources */,
				5CE0F903292A9FD3005EFB7D /* UITableView+.swift in Sources */,
				5CE0F916292ACD20005EFB7D /* ChartsDataManager.swift in Sources */,
				5C5B16C0292FF73B000FF56D /* APIClient.swift in Sources */,
				5CE0F907292AAA3B005EFB7D /* Double+.swift in Sources */,
				5CF07F14292B9321002B02BD /* JAMTestHelper.swift in Sources */,
				5CD4B5A6292984F4001516B9 /* ConnectionObserver.swift in Sources */,
				5CD4B5622926546F001516B9 /* MainVC.swift in Sources */,
				5CD9D166292A3922001BD769 /* RatesModel.swift in Sources */,
				5CF07F16292B9416002B02BD /* DataManager.swift in Sources */,
				5CE0F920292AFD44005EFB7D /* NotificationsManager.swift in Sources */,
				5CD4B54229265363001516B9 /* BDSWISSUITestsLaunchTests.swift in Sources */,
				5CE0F90F292AAECA005EFB7D /* Locale+.swift in Sources */,
				5CD4B5A3292984F4001516B9 /* TimerObserver.swift in Sources */,
				5CE0F90B292AAD03005EFB7D /* String+.swift in Sources */,
				5CD4B54029265363001516B9 /* BDSWISSUITests.swift in Sources */,
				5CD9D177292A45DF001BD769 /* Object+.swift in Sources */,
				5CD9D16A292A3967001BD769 /* RateModel.swift in Sources */,
				5CD4B58029297986001516B9 /* SplashVC.swift in Sources */,
				5CD9D172292A3BAD001BD769 /* Constants.swift in Sources */,
			);
			runOnlyForDeploymentPostprocessing = 0;
		};
/* End PBXSourcesBuildPhase section */

/* Begin PBXTargetDependency section */
		5CD4B53329265363001516B9 /* PBXTargetDependency */ = {
			isa = PBXTargetDependency;
			target = 5CD4B51A29265361001516B9 /* BDSWISS */;
			targetProxy = 5CD4B53229265363001516B9 /* PBXContainerItemProxy */;
		};
		5CF3B7CA292BAB1500D3831C /* PBXTargetDependency */ = {
			isa = PBXTargetDependency;
			target = 5CD4B51A29265361001516B9 /* BDSWISS */;
			targetProxy = 5CF3B7C9292BAB1500D3831C /* PBXContainerItemProxy */;
		};
/* End PBXTargetDependency section */

/* Begin PBXVariantGroup section */
		5CD4B55A2926546E001516B9 /* LaunchScreen.storyboard */ = {
			isa = PBXVariantGroup;
			children = (
				5CD4B55B2926546E001516B9 /* Base */,
			);
			name = LaunchScreen.storyboard;
			sourceTree = "<group>";
		};
		5CD4B55C2926546E001516B9 /* Main.storyboard */ = {
			isa = PBXVariantGroup;
			children = (
				5CD4B55D2926546E001516B9 /* Base */,
			);
			name = Main.storyboard;
			sourceTree = "<group>";
		};
/* End PBXVariantGroup section */

/* Begin XCBuildConfiguration section */
		5CD4B54329265363001516B9 /* Debug */ = {
			isa = XCBuildConfiguration;
			buildSettings = {
				ALWAYS_SEARCH_USER_PATHS = NO;
				CLANG_ANALYZER_NONNULL = YES;
				CLANG_ANALYZER_NUMBER_OBJECT_CONVERSION = YES_AGGRESSIVE;
				CLANG_CXX_LANGUAGE_STANDARD = "gnu++20";
				CLANG_ENABLE_MODULES = YES;
				CLANG_ENABLE_OBJC_ARC = YES;
				CLANG_ENABLE_OBJC_WEAK = YES;
				CLANG_WARN_BLOCK_CAPTURE_AUTORELEASING = YES;
				CLANG_WARN_BOOL_CONVERSION = YES;
				CLANG_WARN_COMMA = YES;
				CLANG_WARN_CONSTANT_CONVERSION = YES;
				CLANG_WARN_DEPRECATED_OBJC_IMPLEMENTATIONS = YES;
				CLANG_WARN_DIRECT_OBJC_ISA_USAGE = YES_ERROR;
				CLANG_WARN_DOCUMENTATION_COMMENTS = YES;
				CLANG_WARN_EMPTY_BODY = YES;
				CLANG_WARN_ENUM_CONVERSION = YES;
				CLANG_WARN_INFINITE_RECURSION = YES;
				CLANG_WARN_INT_CONVERSION = YES;
				CLANG_WARN_NON_LITERAL_NULL_CONVERSION = YES;
				CLANG_WARN_OBJC_IMPLICIT_RETAIN_SELF = YES;
				CLANG_WARN_OBJC_LITERAL_CONVERSION = YES;
				CLANG_WARN_OBJC_ROOT_CLASS = YES_ERROR;
				CLANG_WARN_QUOTED_INCLUDE_IN_FRAMEWORK_HEADER = YES;
				CLANG_WARN_RANGE_LOOP_ANALYSIS = YES;
				CLANG_WARN_STRICT_PROTOTYPES = YES;
				CLANG_WARN_SUSPICIOUS_MOVE = YES;
				CLANG_WARN_UNGUARDED_AVAILABILITY = YES_AGGRESSIVE;
				CLANG_WARN_UNREACHABLE_CODE = YES;
				CLANG_WARN__DUPLICATE_METHOD_MATCH = YES;
				COPY_PHASE_STRIP = NO;
				DEBUG_INFORMATION_FORMAT = dwarf;
				ENABLE_STRICT_OBJC_MSGSEND = YES;
				ENABLE_TESTABILITY = YES;
				GCC_C_LANGUAGE_STANDARD = gnu11;
				GCC_DYNAMIC_NO_PIC = NO;
				GCC_NO_COMMON_BLOCKS = YES;
				GCC_OPTIMIZATION_LEVEL = 0;
				GCC_PREPROCESSOR_DEFINITIONS = (
					"DEBUG=1",
					"$(inherited)",
				);
				GCC_WARN_64_TO_32_BIT_CONVERSION = YES;
				GCC_WARN_ABOUT_RETURN_TYPE = YES_ERROR;
				GCC_WARN_UNDECLARED_SELECTOR = YES;
				GCC_WARN_UNINITIALIZED_AUTOS = YES_AGGRESSIVE;
				GCC_WARN_UNUSED_FUNCTION = YES;
				GCC_WARN_UNUSED_VARIABLE = YES;
				IPHONEOS_DEPLOYMENT_TARGET = 16.1;
				MTL_ENABLE_DEBUG_INFO = INCLUDE_SOURCE;
				MTL_FAST_MATH = YES;
				ONLY_ACTIVE_ARCH = YES;
				SDKROOT = iphoneos;
				SWIFT_ACTIVE_COMPILATION_CONDITIONS = DEBUG;
				SWIFT_OPTIMIZATION_LEVEL = "-Onone";
			};
			name = Debug;
		};
		5CD4B54429265363001516B9 /* Release */ = {
			isa = XCBuildConfiguration;
			buildSettings = {
				ALWAYS_SEARCH_USER_PATHS = NO;
				CLANG_ANALYZER_NONNULL = YES;
				CLANG_ANALYZER_NUMBER_OBJECT_CONVERSION = YES_AGGRESSIVE;
				CLANG_CXX_LANGUAGE_STANDARD = "gnu++20";
				CLANG_ENABLE_MODULES = YES;
				CLANG_ENABLE_OBJC_ARC = YES;
				CLANG_ENABLE_OBJC_WEAK = YES;
				CLANG_WARN_BLOCK_CAPTURE_AUTORELEASING = YES;
				CLANG_WARN_BOOL_CONVERSION = YES;
				CLANG_WARN_COMMA = YES;
				CLANG_WARN_CONSTANT_CONVERSION = YES;
				CLANG_WARN_DEPRECATED_OBJC_IMPLEMENTATIONS = YES;
				CLANG_WARN_DIRECT_OBJC_ISA_USAGE = YES_ERROR;
				CLANG_WARN_DOCUMENTATION_COMMENTS = YES;
				CLANG_WARN_EMPTY_BODY = YES;
				CLANG_WARN_ENUM_CONVERSION = YES;
				CLANG_WARN_INFINITE_RECURSION = YES;
				CLANG_WARN_INT_CONVERSION = YES;
				CLANG_WARN_NON_LITERAL_NULL_CONVERSION = YES;
				CLANG_WARN_OBJC_IMPLICIT_RETAIN_SELF = YES;
				CLANG_WARN_OBJC_LITERAL_CONVERSION = YES;
				CLANG_WARN_OBJC_ROOT_CLASS = YES_ERROR;
				CLANG_WARN_QUOTED_INCLUDE_IN_FRAMEWORK_HEADER = YES;
				CLANG_WARN_RANGE_LOOP_ANALYSIS = YES;
				CLANG_WARN_STRICT_PROTOTYPES = YES;
				CLANG_WARN_SUSPICIOUS_MOVE = YES;
				CLANG_WARN_UNGUARDED_AVAILABILITY = YES_AGGRESSIVE;
				CLANG_WARN_UNREACHABLE_CODE = YES;
				CLANG_WARN__DUPLICATE_METHOD_MATCH = YES;
				COPY_PHASE_STRIP = NO;
				DEBUG_INFORMATION_FORMAT = "dwarf-with-dsym";
				ENABLE_NS_ASSERTIONS = NO;
				ENABLE_STRICT_OBJC_MSGSEND = YES;
				GCC_C_LANGUAGE_STANDARD = gnu11;
				GCC_NO_COMMON_BLOCKS = YES;
				GCC_WARN_64_TO_32_BIT_CONVERSION = YES;
				GCC_WARN_ABOUT_RETURN_TYPE = YES_ERROR;
				GCC_WARN_UNDECLARED_SELECTOR = YES;
				GCC_WARN_UNINITIALIZED_AUTOS = YES_AGGRESSIVE;
				GCC_WARN_UNUSED_FUNCTION = YES;
				GCC_WARN_UNUSED_VARIABLE = YES;
				IPHONEOS_DEPLOYMENT_TARGET = 16.1;
				MTL_ENABLE_DEBUG_INFO = NO;
				MTL_FAST_MATH = YES;
				SDKROOT = iphoneos;
				SWIFT_COMPILATION_MODE = wholemodule;
				SWIFT_OPTIMIZATION_LEVEL = "-O";
				VALIDATE_PRODUCT = YES;
			};
			name = Release;
		};
		5CD4B54629265363001516B9 /* Debug */ = {
			isa = XCBuildConfiguration;
			buildSettings = {
				ASSETCATALOG_COMPILER_APPICON_NAME = AppIcon;
				ASSETCATALOG_COMPILER_GLOBAL_ACCENT_COLOR_NAME = AccentColor;
				CODE_SIGN_STYLE = Automatic;
				CURRENT_PROJECT_VERSION = 1;
				DEVELOPMENT_TEAM = 82EG8LG7YH;
				GENERATE_INFOPLIST_FILE = YES;
				INFOPLIST_FILE = BDSWISS/resources/Plist/Info.plist;
				INFOPLIST_KEY_LSApplicationCategoryType = "public.app-category.finance";
				INFOPLIST_KEY_UIApplicationSupportsIndirectInputEvents = YES;
				INFOPLIST_KEY_UILaunchStoryboardName = LaunchScreen.storyboard;
				INFOPLIST_KEY_UIMainStoryboardFile = Main;
				INFOPLIST_KEY_UISupportedInterfaceOrientations = "UIInterfaceOrientationPortrait UIInterfaceOrientationPortraitUpsideDown";
				IPHONEOS_DEPLOYMENT_TARGET = 15.0;
				LD_RUNPATH_SEARCH_PATHS = (
					"$(inherited)",
					"@executable_path/Frameworks",
				);
				MARKETING_VERSION = 1.0;
				PRODUCT_BUNDLE_IDENTIFIER = rightandabove.com.BDSWISS;
				PRODUCT_NAME = "$(TARGET_NAME)";
				SWIFT_EMIT_LOC_STRINGS = YES;
				SWIFT_VERSION = 5.0;
				TARGETED_DEVICE_FAMILY = "1,2";
			};
			name = Debug;
		};
		5CD4B54729265363001516B9 /* Release */ = {
			isa = XCBuildConfiguration;
			buildSettings = {
				ASSETCATALOG_COMPILER_APPICON_NAME = AppIcon;
				ASSETCATALOG_COMPILER_GLOBAL_ACCENT_COLOR_NAME = AccentColor;
				CODE_SIGN_STYLE = Automatic;
				CURRENT_PROJECT_VERSION = 1;
				DEVELOPMENT_TEAM = 82EG8LG7YH;
				GENERATE_INFOPLIST_FILE = YES;
				INFOPLIST_FILE = BDSWISS/resources/Plist/Info.plist;
				INFOPLIST_KEY_LSApplicationCategoryType = "public.app-category.finance";
				INFOPLIST_KEY_UIApplicationSupportsIndirectInputEvents = YES;
				INFOPLIST_KEY_UILaunchStoryboardName = LaunchScreen.storyboard;
				INFOPLIST_KEY_UIMainStoryboardFile = Main;
				INFOPLIST_KEY_UISupportedInterfaceOrientations = "UIInterfaceOrientationPortrait UIInterfaceOrientationPortraitUpsideDown";
				IPHONEOS_DEPLOYMENT_TARGET = 15.0;
				LD_RUNPATH_SEARCH_PATHS = (
					"$(inherited)",
					"@executable_path/Frameworks",
				);
				MARKETING_VERSION = 1.0;
				PRODUCT_BUNDLE_IDENTIFIER = rightandabove.com.BDSWISS;
				PRODUCT_NAME = "$(TARGET_NAME)";
				SWIFT_EMIT_LOC_STRINGS = YES;
				SWIFT_VERSION = 5.0;
				TARGETED_DEVICE_FAMILY = "1,2";
			};
			name = Release;
		};
		5CD4B54929265363001516B9 /* Debug */ = {
			isa = XCBuildConfiguration;
			buildSettings = {
				ALWAYS_EMBED_SWIFT_STANDARD_LIBRARIES = YES;
				BUNDLE_LOADER = "$(TEST_HOST)";
				CODE_SIGN_STYLE = Automatic;
				CURRENT_PROJECT_VERSION = 1;
				DEVELOPMENT_TEAM = 9VT46A3UYH;
				GENERATE_INFOPLIST_FILE = YES;
				IPHONEOS_DEPLOYMENT_TARGET = 16.1;
				MARKETING_VERSION = 1.0;
				PRODUCT_BUNDLE_IDENTIFIER = rightandabove.com.DBSWISSTests;
				PRODUCT_NAME = "$(TARGET_NAME)";
				SWIFT_EMIT_LOC_STRINGS = NO;
				SWIFT_VERSION = 5.0;
				TARGETED_DEVICE_FAMILY = "1,2";
				TEST_HOST = "$(BUILT_PRODUCTS_DIR)/BDSWISS.app/$(BUNDLE_EXECUTABLE_FOLDER_PATH)/BDSWISS";
			};
			name = Debug;
		};
		5CD4B54A29265363001516B9 /* Release */ = {
			isa = XCBuildConfiguration;
			buildSettings = {
				ALWAYS_EMBED_SWIFT_STANDARD_LIBRARIES = YES;
				BUNDLE_LOADER = "$(TEST_HOST)";
				CODE_SIGN_STYLE = Automatic;
				CURRENT_PROJECT_VERSION = 1;
				DEVELOPMENT_TEAM = 9VT46A3UYH;
				GENERATE_INFOPLIST_FILE = YES;
				IPHONEOS_DEPLOYMENT_TARGET = 16.1;
				MARKETING_VERSION = 1.0;
				PRODUCT_BUNDLE_IDENTIFIER = rightandabove.com.DBSWISSTests;
				PRODUCT_NAME = "$(TARGET_NAME)";
				SWIFT_EMIT_LOC_STRINGS = NO;
				SWIFT_VERSION = 5.0;
				TARGETED_DEVICE_FAMILY = "1,2";
				TEST_HOST = "$(BUILT_PRODUCTS_DIR)/BDSWISS.app/$(BUNDLE_EXECUTABLE_FOLDER_PATH)/BDSWISS";
			};
			name = Release;
		};
		5CD4B54C29265363001516B9 /* Debug */ = {
			isa = XCBuildConfiguration;
			buildSettings = {
				ALWAYS_EMBED_SWIFT_STANDARD_LIBRARIES = YES;
				BUNDLE_LOADER = "$(TEST_HOST)";
				CODE_SIGN_STYLE = Automatic;
				CURRENT_PROJECT_VERSION = 1;
				DEVELOPMENT_TEAM = 9VT46A3UYH;
				GENERATE_INFOPLIST_FILE = YES;
				MARKETING_VERSION = 1.0;
				PRODUCT_BUNDLE_IDENTIFIER = rightandabove.com.DBSWISSUITests;
				PRODUCT_NAME = "$(TARGET_NAME)";
				PROVISIONING_PROFILE = "";
				SWIFT_EMIT_LOC_STRINGS = NO;
				SWIFT_VERSION = 5.0;
				TARGETED_DEVICE_FAMILY = "1,2";
				TEST_TARGET_NAME = BDSWISS;
			};
			name = Debug;
		};
		5CD4B54D29265363001516B9 /* Release */ = {
			isa = XCBuildConfiguration;
			buildSettings = {
				ALWAYS_EMBED_SWIFT_STANDARD_LIBRARIES = YES;
				BUNDLE_LOADER = "$(TEST_HOST)";
				CODE_SIGN_STYLE = Automatic;
				CURRENT_PROJECT_VERSION = 1;
				DEVELOPMENT_TEAM = 9VT46A3UYH;
				GENERATE_INFOPLIST_FILE = YES;
				MARKETING_VERSION = 1.0;
				PRODUCT_BUNDLE_IDENTIFIER = rightandabove.com.DBSWISSUITests;
				PRODUCT_NAME = "$(TARGET_NAME)";
				PROVISIONING_PROFILE = "";
				SWIFT_EMIT_LOC_STRINGS = NO;
				SWIFT_VERSION = 5.0;
				TARGETED_DEVICE_FAMILY = "1,2";
				TEST_TARGET_NAME = BDSWISS;
			};
			name = Release;
		};
/* End XCBuildConfiguration section */

/* Begin XCConfigurationList section */
		5CD4B51629265361001516B9 /* Build configuration list for PBXProject "BDSWISS" */ = {
			isa = XCConfigurationList;
			buildConfigurations = (
				5CD4B54329265363001516B9 /* Debug */,
				5CD4B54429265363001516B9 /* Release */,
			);
			defaultConfigurationIsVisible = 0;
			defaultConfigurationName = Release;
		};
		5CD4B54529265363001516B9 /* Build configuration list for PBXNativeTarget "BDSWISS" */ = {
			isa = XCConfigurationList;
			buildConfigurations = (
				5CD4B54629265363001516B9 /* Debug */,
				5CD4B54729265363001516B9 /* Release */,
			);
			defaultConfigurationIsVisible = 0;
			defaultConfigurationName = Release;
		};
		5CD4B54829265363001516B9 /* Build configuration list for PBXNativeTarget "BDSWISSTests" */ = {
			isa = XCConfigurationList;
			buildConfigurations = (
				5CD4B54929265363001516B9 /* Debug */,
				5CD4B54A29265363001516B9 /* Release */,
			);
			defaultConfigurationIsVisible = 0;
			defaultConfigurationName = Release;
		};
		5CD4B54B29265363001516B9 /* Build configuration list for PBXNativeTarget "BDSWISSUITests" */ = {
			isa = XCConfigurationList;
			buildConfigurations = (
				5CD4B54C29265363001516B9 /* Debug */,
				5CD4B54D29265363001516B9 /* Release */,
			);
			defaultConfigurationIsVisible = 0;
			defaultConfigurationName = Release;
		};
/* End XCConfigurationList section */

/* Begin XCRemoteSwiftPackageReference section */
		5C5B16B3292F9231000FF56D /* XCRemoteSwiftPackageReference "RxReachability" */ = {
			isa = XCRemoteSwiftPackageReference;
			repositoryURL = "https://github.com/RxSwiftCommunity/RxReachability";
			requirement = {
				kind = upToNextMajorVersion;
				minimumVersion = 1.0.0;
			};
		};
		5CD9D16B292A3A5C001BD769 /* XCRemoteSwiftPackageReference "FlagKit" */ = {
			isa = XCRemoteSwiftPackageReference;
			repositoryURL = "https://github.com/madebybowtie/FlagKit.git";
			requirement = {
				kind = upToNextMajorVersion;
				minimumVersion = 2.0.0;
			};
		};
		5CD9D17D292A53ED001BD769 /* XCRemoteSwiftPackageReference "Reachability" */ = {
			isa = XCRemoteSwiftPackageReference;
			repositoryURL = "https://github.com/ashleymills/Reachability.swift";
			requirement = {
				branch = master;
				kind = branch;
			};
		};
		5CE0F910292AC54E005EFB7D /* XCRemoteSwiftPackageReference "Charts" */ = {
			isa = XCRemoteSwiftPackageReference;
			repositoryURL = "https://github.com/danielgindi/Charts.git";
			requirement = {
				branch = master;
				kind = branch;
			};
		};
		5CE0F917292AE0A8005EFB7D /* XCRemoteSwiftPackageReference "SwiftEntryKit" */ = {
			isa = XCRemoteSwiftPackageReference;
			repositoryURL = "https://github.com/huri000/SwiftEntryKit";
			requirement = {
				kind = upToNextMajorVersion;
				minimumVersion = 2.0.0;
			};
		};
		5CE0F91A292AF8EB005EFB7D /* XCRemoteSwiftPackageReference "NVActivityIndicatorView" */ = {
			isa = XCRemoteSwiftPackageReference;
			repositoryURL = "https://github.com/ninjaprox/NVActivityIndicatorView.git";
			requirement = {
				kind = upToNextMajorVersion;
				minimumVersion = 5.0.0;
			};
		};
		5CF3B7D4292E1D6800D3831C /* XCRemoteSwiftPackageReference "RxSwift" */ = {
			isa = XCRemoteSwiftPackageReference;
			repositoryURL = "https://github.com/ReactiveX/RxSwift.git";
			requirement = {
				kind = upToNextMajorVersion;
				minimumVersion = 6.0.0;
			};
		};
/* End XCRemoteSwiftPackageReference section */

/* Begin XCSwiftPackageProductDependency section */
		5C5B16B4292F9231000FF56D /* RxReachability */ = {
			isa = XCSwiftPackageProductDependency;
			package = 5C5B16B3292F9231000FF56D /* XCRemoteSwiftPackageReference "RxReachability" */;
			productName = RxReachability;
		};
		5CD9D16C292A3A5C001BD769 /* FlagKit */ = {
			isa = XCSwiftPackageProductDependency;
			package = 5CD9D16B292A3A5C001BD769 /* XCRemoteSwiftPackageReference "FlagKit" */;
			productName = FlagKit;
		};
		5CD9D17E292A53ED001BD769 /* Reachability */ = {
			isa = XCSwiftPackageProductDependency;
			package = 5CD9D17D292A53ED001BD769 /* XCRemoteSwiftPackageReference "Reachability" */;
			productName = Reachability;
		};
		5CE0F911292AC54E005EFB7D /* Charts */ = {
			isa = XCSwiftPackageProductDependency;
			package = 5CE0F910292AC54E005EFB7D /* XCRemoteSwiftPackageReference "Charts" */;
			productName = Charts;
		};
		5CE0F918292AE0A8005EFB7D /* SwiftEntryKit */ = {
			isa = XCSwiftPackageProductDependency;
			package = 5CE0F917292AE0A8005EFB7D /* XCRemoteSwiftPackageReference "SwiftEntryKit" */;
			productName = SwiftEntryKit;
		};
		5CE0F91B292AF8EB005EFB7D /* NVActivityIndicatorView */ = {
			isa = XCSwiftPackageProductDependency;
			package = 5CE0F91A292AF8EB005EFB7D /* XCRemoteSwiftPackageReference "NVActivityIndicatorView" */;
			productName = NVActivityIndicatorView;
		};
		5CF07F18292B9615002B02BD /* FlagKit */ = {
			isa = XCSwiftPackageProductDependency;
			package = 5CD9D16B292A3A5C001BD769 /* XCRemoteSwiftPackageReference "FlagKit" */;
			productName = FlagKit;
		};
		5CF07F1A292B9619002B02BD /* Reachability */ = {
			isa = XCSwiftPackageProductDependency;
			package = 5CD9D17D292A53ED001BD769 /* XCRemoteSwiftPackageReference "Reachability" */;
			productName = Reachability;
		};
		5CF07F1C292B961D002B02BD /* Charts */ = {
			isa = XCSwiftPackageProductDependency;
			package = 5CE0F910292AC54E005EFB7D /* XCRemoteSwiftPackageReference "Charts" */;
			productName = Charts;
		};
		5CF07F1E292B9624002B02BD /* SwiftEntryKit */ = {
			isa = XCSwiftPackageProductDependency;
			package = 5CE0F917292AE0A8005EFB7D /* XCRemoteSwiftPackageReference "SwiftEntryKit" */;
			productName = SwiftEntryKit;
		};
		5CF07F20292B962C002B02BD /* NVActivityIndicatorView */ = {
			isa = XCSwiftPackageProductDependency;
			package = 5CE0F91A292AF8EB005EFB7D /* XCRemoteSwiftPackageReference "NVActivityIndicatorView" */;
			productName = NVActivityIndicatorView;
		};
		5CF3B7D5292E1D6800D3831C /* RxBlocking */ = {
			isa = XCSwiftPackageProductDependency;
			package = 5CF3B7D4292E1D6800D3831C /* XCRemoteSwiftPackageReference "RxSwift" */;
			productName = RxBlocking;
		};
		5CF3B7D7292E1D6800D3831C /* RxCocoa */ = {
			isa = XCSwiftPackageProductDependency;
			package = 5CF3B7D4292E1D6800D3831C /* XCRemoteSwiftPackageReference "RxSwift" */;
			productName = RxCocoa;
		};
		5CF3B7DB292E1D6800D3831C /* RxSwift */ = {
			isa = XCSwiftPackageProductDependency;
			package = 5CF3B7D4292E1D6800D3831C /* XCRemoteSwiftPackageReference "RxSwift" */;
			productName = RxSwift;
		};
/* End XCSwiftPackageProductDependency section */
	};
	rootObject = 5CD4B51329265361001516B9 /* Project object */;
}
